{
  "name": "fast-iterable",
  "version": "1.0.0",
  "lockfileVersion": 1,
  "requires": true,
  "dependencies": {
    "@codibre/fluent-iterable": {
      "version": "1.9.0",
      "resolved": "https://registry.npmjs.org/@codibre/fluent-iterable/-/fluent-iterable-1.9.0.tgz",
      "integrity": "sha512-8Q65jGQ8egGwacN3HsXFfeHN1eY8L1N1aE4XO8Ahkh64TUO5H0grucrFyFP4v8XIw+E0eMkH+qlmSWaYVUxMQA==",
      "requires": {
        "augmentative-iterable": "^1.1.7",
        "extension-methods": "^1.0.0",
        "for-emit-of": "^1.3.3",
        "typed-emitter": "^1.3.1"
      }
    },
    "augmentative-iterable": {
      "version": "1.1.7",
      "resolved": "https://registry.npmjs.org/augmentative-iterable/-/augmentative-iterable-1.1.7.tgz",
      "integrity": "sha512-fG44vneJ4yu/QD2uLHZRmgSApi2Ij4UxkHENFl7aLq+3PlYcrU13uZBkLLp80kndO+I7QUBwsWGxtWmrsNzuRw=="
    },
    "extension-methods": {
      "version": "1.0.0",
      "resolved": "https://registry.npmjs.org/extension-methods/-/extension-methods-1.0.0.tgz",
      "integrity": "sha512-QlTff047lUnKC8Nay5qj1AObSsH6/545LmK97F4Cfhtz/U8hfEDzceOP5iKIJJREHFvJCfUdYbp2mvMZbjp0Qg=="
    },
    "for-emit-of": {
      "version": "1.3.3",
      "resolved": "https://registry.npmjs.org/for-emit-of/-/for-emit-of-1.3.3.tgz",
      "integrity": "sha512-+T1YAuPjvMb6V0zPO75w7DLT9iigypb70OyiPbcrF/wqiZqwcF5mBZ8cR/2qgVRSXIktKQS7UF29jFe5qpytFQ=="
    },
    "typed-emitter": {
      "version": "1.3.1",
      "resolved": "https://registry.npmjs.org/typed-emitter/-/typed-emitter-1.3.1.tgz",
      "integrity": "sha512-2h7utWyXgd2R2u2IuL8B4yu1gqMxbgUj2VS/MGVbFhEVQNJKXoQQoS5CBMh+eW31zFeSmDfEQ3qQf4xy5SlPVQ=="
    }
  }
}
